<?xml version="1.0" encoding="utf-8"?>
<Project ToolsVersion="4.0" xmlns="http://schemas.microsoft.com/developer/msbuild/2003">
  <ItemGroup>
    <Filter Include="src">
      <UniqueIdentifier>{4FC737F1-C7A5-4376-A066-2A32D752A2FF}</UniqueIdentifier>
      <Extensions>cpp;c;cc;cxx;c++;cppm;ixx;def;odl;idl;hpj;bat;asm;asmx</Extensions>
    </Filter>
    <Filter Include="src\include">
      <UniqueIdentifier>{b3faf798-29fc-4a74-81d4-bc801e696a43}</UniqueIdentifier>
    </Filter>
    <Filter Include="src\shaders">
      <UniqueIdentifier>{6afbe26e-3382-4765-85f7-37b274c6876e}</UniqueIdentifier>
    </Filter>
  </ItemGroup>
  <ItemGroup>
    <ClCompile Include="src\main.cpp">
      <Filter>src</Filter>
    </ClCompile>
  </ItemGroup>
  <ItemGroup>
    <ClInclude Include="src\include\Window.hpp">
      <Filter>src\include</Filter>
    </ClInclude>
    <ClInclude Include="src\include\Device.hpp">
      <Filter>src\include</Filter>
    </ClInclude>
  </ItemGroup>
  <ItemGroup>
    <None Include="src\shaders\color.frag">
      <Filter>src\shaders</Filter>
    </None>
    <None Include="src\shaders\color.vert">
      <Filter>src\shaders</Filter>
    </None>
    <None Include="src\shaders\texture.frag">
      <Filter>src\shaders</Filter>
    </None>
    <None Include="src\shaders\texture.vert">
      <Filter>src\shaders</Filter>
    </None>
  </ItemGroup>
</Project>